// !$*UTF8*$!
{
	archiveVersion = 1;
	classes = {
	};
	objectVersion = 56;
	objects = {

/* Begin PBXBuildFile section */
		847B2F852C0F30CF00E2018B /* AppDelegate.swift in Sources */ = {isa = PBXBuildFile; fileRef = 847B2F842C0F30CF00E2018B /* AppDelegate.swift */; };
		847B2F872C0F30CF00E2018B /* SceneDelegate.swift in Sources */ = {isa = PBXBuildFile; fileRef = 847B2F862C0F30CF00E2018B /* SceneDelegate.swift */; };
		847B2F892C0F30CF00E2018B /* ViewController.swift in Sources */ = {isa = PBXBuildFile; fileRef = 847B2F882C0F30CF00E2018B /* ViewController.swift */; };
		847B2F8C2C0F30CF00E2018B /* Main.storyboard in Resources */ = {isa = PBXBuildFile; fileRef = 847B2F8A2C0F30CF00E2018B /* Main.storyboard */; };
		847B2F8E2C0F30D200E2018B /* Assets.xcassets in Resources */ = {isa = PBXBuildFile; fileRef = 847B2F8D2C0F30D200E2018B /* Assets.xcassets */; };
		847B2F912C0F30D200E2018B /* LaunchScreen.storyboard in Resources */ = {isa = PBXBuildFile; fileRef = 847B2F8F2C0F30D200E2018B /* LaunchScreen.storyboard */; };
		847B2F9B2C0F3B9100E2018B /* Localizable.strings in Resources */ = {isa = PBXBuildFile; fileRef = 847B2F9D2C0F3B9100E2018B /* Localizable.strings */; };
		847B2FA02C0F3D1100E2018B /* wusuowei.swift in Sources */ = {isa = PBXBuildFile; fileRef = 847B2F9F2C0F3D1100E2018B /* wusuowei.swift */; };
		C8987927DA92D824F6B3CA70 /* Pods_Stripe.framework in Frameworks */ = {isa = PBXBuildFile; fileRef = CE9F93872416AD3EB0DC8249 /* Pods_Stripe.framework */; };
/* End PBXBuildFile section */

/* Begin PBXFileReference section */
		847B2F812C0F30CF00E2018B /* Stripe.app */ = {isa = PBXFileReference; explicitFileType = wrapper.application; includeInIndex = 0; path = Stripe.app; sourceTree = BUILT_PRODUCTS_DIR; };
		847B2F842C0F30CF00E2018B /* AppDelegate.swift */ = {isa = PBXFileReference; lastKnownFileType = sourcecode.swift; path = AppDelegate.swift; sourceTree = "<group>"; };
		847B2F862C0F30CF00E2018B /* SceneDelegate.swift */ = {isa = PBXFileReference; lastKnownFileType = sourcecode.swift; path = SceneDelegate.swift; sourceTree = "<group>"; };
		847B2F882C0F30CF00E2018B /* ViewController.swift */ = {isa = PBXFileReference; lastKnownFileType = sourcecode.swift; path = ViewController.swift; sourceTree = "<group>"; };
		847B2F8B2C0F30CF00E2018B /* Base */ = {isa = PBXFileReference; lastKnownFileType = file.storyboard; name = Base; path = Base.lproj/Main.storyboard; sourceTree = "<group>"; };
		847B2F8D2C0F30D200E2018B /* Assets.xcassets */ = {isa = PBXFileReference; lastKnownFileType = folder.assetcatalog; path = Assets.xcassets; sourceTree = "<group>"; };
		847B2F902C0F30D200E2018B /* Base */ = {isa = PBXFileReference; lastKnownFileType = file.storyboard; name = Base; path = Base.lproj/LaunchScreen.storyboard; sourceTree = "<group>"; };
		847B2F922C0F30D200E2018B /* Info.plist */ = {isa = PBXFileReference; lastKnownFileType = text.plist.xml; path = Info.plist; sourceTree = "<group>"; };
		847B2F982C0F349300E2018B /* Stripe.entitlements */ = {isa = PBXFileReference; lastKnownFileType = text.plist.entitlements; path = Stripe.entitlements; sourceTree = "<group>"; };
		847B2F9C2C0F3B9100E2018B /* en */ = {isa = PBXFileReference; lastKnownFileType = text.plist.strings; name = en; path = en.lproj/Localizable.strings; sourceTree = "<group>"; };
		847B2F9E2C0F3BDE00E2018B /* hu */ = {isa = PBXFileReference; lastKnownFileType = text.plist.strings; name = hu; path = hu.lproj/Localizable.strings; sourceTree = "<group>"; };
		847B2F9F2C0F3D1100E2018B /* wusuowei.swift */ = {isa = PBXFileReference; lastKnownFileType = sourcecode.swift; path = wusuowei.swift; sourceTree = "<group>"; };
		AD2C04425AC45F6FB241611F /* Pods-Stripe.release.xcconfig */ = {isa = PBXFileReference; includeInIndex = 1; lastKnownFileType = text.xcconfig; name = "Pods-Stripe.release.xcconfig"; path = "Target Support Files/Pods-Stripe/Pods-Stripe.release.xcconfig"; sourceTree = "<group>"; };
		CE9F93872416AD3EB0DC8249 /* Pods_Stripe.framework */ = {isa = PBXFileReference; explicitFileType = wrapper.framework; includeInIndex = 0; path = Pods_Stripe.framework; sourceTree = BUILT_PRODUCTS_DIR; };
		F88540D0323973E470BB5AEE /* Pods-Stripe.debug.xcconfig */ = {isa = PBXFileReference; includeInIndex = 1; lastKnownFileType = text.xcconfig; name = "Pods-Stripe.debug.xcconfig"; path = "Target Support Files/Pods-Stripe/Pods-Stripe.debug.xcconfig"; sourceTree = "<group>"; };
/* End PBXFileReference section */

/* Begin PBXFrameworksBuildPhase section */
		847B2F7E2C0F30CF00E2018B /* Frameworks */ = {
			isa = PBXFrameworksBuildPhase;
			buildActionMask = 2147483647;
			files = (
				C8987927DA92D824F6B3CA70 /* Pods_Stripe.framework in Frameworks */,
			);
			runOnlyForDeploymentPostprocessing = 0;
		};
/* End PBXFrameworksBuildPhase section */

/* Begin PBXGroup section */
		12DCD5639E29E9BC97505BE1 /* Frameworks */ = {
			isa = PBXGroup;
			children = (
				CE9F93872416AD3EB0DC8249 /* Pods_Stripe.framework */,
			);
			name = Frameworks;
			sourceTree = "<group>";
		};
		4435EF62F880D18B96E6B049 /* Pods */ = {
			isa = PBXGroup;
			children = (
				F88540D0323973E470BB5AEE /* Pods-Stripe.debug.xcconfig */,
				AD2C04425AC45F6FB241611F /* Pods-Stripe.release.xcconfig */,
			);
			path = Pods;
			sourceTree = "<group>";
		};
		847B2F782C0F30CF00E2018B = {
			isa = PBXGroup;
			children = (
				847B2F832C0F30CF00E2018B /* Stripe */,
				847B2F822C0F30CF00E2018B /* Products */,
				4435EF62F880D18B96E6B049 /* Pods */,
				12DCD5639E29E9BC97505BE1 /* Frameworks */,
			);
			sourceTree = "<group>";
		};
		847B2F822C0F30CF00E2018B /* Products */ = {
			isa = PBXGroup;
			children = (
				847B2F812C0F30CF00E2018B /* Stripe.app */,
			);
			name = Products;
			sourceTree = "<group>";
		};
		847B2F832C0F30CF00E2018B /* Stripe */ = {
			isa = PBXGroup;
			children = (
				847B2F982C0F349300E2018B /* Stripe.entitlements */,
				847B2F842C0F30CF00E2018B /* AppDelegate.swift */,
				847B2F862C0F30CF00E2018B /* SceneDelegate.swift */,
				847B2F882C0F30CF00E2018B /* ViewController.swift */,
				847B2F9F2C0F3D1100E2018B /* wusuowei.swift */,
				847B2F9D2C0F3B9100E2018B /* Localizable.strings */,
				847B2F8A2C0F30CF00E2018B /* Main.storyboard */,
				847B2F8D2C0F30D200E2018B /* Assets.xcassets */,
				847B2F8F2C0F30D200E2018B /* LaunchScreen.storyboard */,
				847B2F922C0F30D200E2018B /* Info.plist */,
			);
			path = Stripe;
			sourceTree = "<group>";
		};
/* End PBXGroup section */

/* Begin PBXNativeTarget section */
		847B2F802C0F30CF00E2018B /* Stripe */ = {
			isa = PBXNativeTarget;
			buildConfigurationList = 847B2F952C0F30D200E2018B /* Build configuration list for PBXNativeTarget "Stripe" */;
			buildPhases = (
				B1BD64A1C8A9C01BC9F39376 /* [CP] Check Pods Manifest.lock */,
				847B2F7D2C0F30CF00E2018B /* Sources */,
				847B2F7E2C0F30CF00E2018B /* Frameworks */,
				847B2F7F2C0F30CF00E2018B /* Resources */,
				92B52B69E161BE016A332469 /* [CP] Embed Pods Frameworks */,
			);
			buildRules = (
			);
			dependencies = (
			);
			name = Stripe;
			productName = Stripe;
			productReference = 847B2F812C0F30CF00E2018B /* Stripe.app */;
			productType = "com.apple.product-type.application";
		};
/* End PBXNativeTarget section */

/* Begin PBXProject section */
		847B2F792C0F30CF00E2018B /* Project object */ = {
			isa = PBXProject;
			attributes = {
				BuildIndependentTargetsInParallel = 1;
				LastSwiftUpdateCheck = 1510;
				LastUpgradeCheck = 1510;
				TargetAttributes = {
					847B2F802C0F30CF00E2018B = {
						CreatedOnToolsVersion = 15.1;
					};
				};
			};
			buildConfigurationList = 847B2F7C2C0F30CF00E2018B /* Build configuration list for PBXProject "Stripe" */;
			compatibilityVersion = "Xcode 14.0";
			developmentRegion = en;
			hasScannedForEncodings = 0;
			knownRegions = (
				en,
				Base,
				hu,
			);
			mainGroup = 847B2F782C0F30CF00E2018B;
			productRefGroup = 847B2F822C0F30CF00E2018B /* Products */;
			projectDirPath = "";
			projectRoot = "";
			targets = (
				847B2F802C0F30CF00E2018B /* Stripe */,
			);
		};
/* End PBXProject section */

/* Begin PBXResourcesBuildPhase section */
		847B2F7F2C0F30CF00E2018B /* Resources */ = {
			isa = PBXResourcesBuildPhase;
			buildActionMask = 2147483647;
			files = (
				847B2F912C0F30D200E2018B /* LaunchScreen.storyboard in Resources */,
				847B2F9B2C0F3B9100E2018B /* Localizable.strings in Resources */,
				847B2F8E2C0F30D200E2018B /* Assets.xcassets in Resources */,
				847B2F8C2C0F30CF00E2018B /* Main.storyboard in Resources */,
			);
			runOnlyForDeploymentPostprocessing = 0;
		};
/* End PBXResourcesBuildPhase section */

/* Begin PBXShellScriptBuildPhase section */
		92B52B69E161BE016A332469 /* [CP] Embed Pods Frameworks */ = {
			isa = PBXShellScriptBuildPhase;
			buildActionMask = 2147483647;
			files = (
			);
			inputFileListPaths = (
				"${PODS_ROOT}/Target Support Files/Pods-Stripe/Pods-Stripe-frameworks-${CONFIGURATION}-input-files.xcfilelist",
			);
			name = "[CP] Embed Pods Frameworks";
			outputFileListPaths = (
				"${PODS_ROOT}/Target Support Files/Pods-Stripe/Pods-Stripe-frameworks-${CONFIGURATION}-output-files.xcfilelist",
			);
			runOnlyForDeploymentPostprocessing = 0;
			shellPath = /bin/sh;
			shellScript = "\"${PODS_ROOT}/Target Support Files/Pods-Stripe/Pods-Stripe-frameworks.sh\"\n";
			showEnvVarsInLog = 0;
		};
		B1BD64A1C8A9C01BC9F39376 /* [CP] Check Pods Manifest.lock */ = {
			isa = PBXShellScriptBuildPhase;
			buildActionMask = 2147483647;
			files = (
			);
			inputFileListPaths = (
			);
			inputPaths = (
				"${PODS_PODFILE_DIR_PATH}/Podfile.lock",
				"${PODS_ROOT}/Manifest.lock",
			);
			name = "[CP] Check Pods Manifest.lock";
			outputFileListPaths = (
			);
			outputPaths = (
				"$(DERIVED_FILE_DIR)/Pods-Stripe-checkManifestLockResult.txt",
			);
			runOnlyForDeploymentPostprocessing = 0;
			shellPath = /bin/sh;
			shellScript = "diff \"${PODS_PODFILE_DIR_PATH}/Podfile.lock\" \"${PODS_ROOT}/Manifest.lock\" > /dev/null\nif [ $? != 0 ] ; then\n    # print error to STDERR\n    echo \"error: The sandbox is not in sync with the Podfile.lock. Run 'pod install' or update your CocoaPods installation.\" >&2\n    exit 1\nfi\n# This output is used by Xcode 'outputs' to avoid re-running this script phase.\necho \"SUCCESS\" > \"${SCRIPT_OUTPUT_FILE_0}\"\n";
			showEnvVarsInLog = 0;
		};
/* End PBXShellScriptBuildPhase section */

/* Begin PBXSourcesBuildPhase section */
		847B2F7D2C0F30CF00E2018B /* Sources */ = {
			isa = PBXSourcesBuildPhase;
			buildActionMask = 2147483647;
			files = (
				847B2F892C0F30CF00E2018B /* ViewController.swift in Sources */,
				847B2FA02C0F3D1100E2018B /* wusuowei.swift in Sources */,
				847B2F852C0F30CF00E2018B /* AppDelegate.swift in Sources */,
				847B2F872C0F30CF00E2018B /* SceneDelegate.swift in Sources */,
			);
			runOnlyForDeploymentPostprocessing = 0;
		};
/* End PBXSourcesBuildPhase section */

/* Begin PBXVariantGroup section */
		847B2F8A2C0F30CF00E2018B /* Main.storyboard */ = {
			isa = PBXVariantGroup;
			children = (
				847B2F8B2C0F30CF00E2018B /* Base */,
			);
			name = Main.storyboard;
			sourceTree = "<group>";
		};
		847B2F8F2C0F30D200E2018B /* LaunchScreen.storyboard */ = {
			isa = PBXVariantGroup;
			children = (
				847B2F902C0F30D200E2018B /* Base */,
			);
			name = LaunchScreen.storyboard;
			sourceTree = "<group>";
		};
		847B2F9D2C0F3B9100E2018B /* Localizable.strings */ = {
			isa = PBXVariantGroup;
			children = (
				847B2F9C2C0F3B9100E2018B /* en */,
				847B2F9E2C0F3BDE00E2018B /* hu */,
			);
			name = Localizable.strings;
			sourceTree = "<group>";
		};
/* End PBXVariantGroup section */

/* Begin XCBuildConfiguration section */
		847B2F932C0F30D200E2018B /* Debug */ = {
			isa = XCBuildConfiguration;
			buildSettings = {
				ALWAYS_SEARCH_USER_PATHS = NO;
				ASSETCATALOG_COMPILER_GENERATE_SWIFT_ASSET_SYMBOL_EXTENSIONS = YES;
				CLANG_ANALYZER_LOCALIZABILITY_NONLOCALIZED = YES;
				CLANG_ANALYZER_NONNULL = YES;
				CLANG_ANALYZER_NUMBER_OBJECT_CONVERSION = YES_AGGRESSIVE;
				CLANG_CXX_LANGUAGE_STANDARD = "gnu++20";
				CLANG_ENABLE_MODULES = YES;
				CLANG_ENABLE_OBJC_ARC = YES;
				CLANG_ENABLE_OBJC_WEAK = YES;
				CLANG_WARN_BLOCK_CAPTURE_AUTORELEASING = YES;
				CLANG_WARN_BOOL_CONVERSION = YES;
				CLANG_WARN_COMMA = YES;
				CLANG_WARN_CONSTANT_CONVERSION = YES;
				CLANG_WARN_DEPRECATED_OBJC_IMPLEMENTATIONS = YES;
				CLANG_WARN_DIRECT_OBJC_ISA_USAGE = YES_ERROR;
				CLANG_WARN_DOCUMENTATION_COMMENTS = YES;
				CLANG_WARN_EMPTY_BODY = YES;
				CLANG_WARN_ENUM_CONVERSION = YES;
				CLANG_WARN_INFINITE_RECURSION = YES;
				CLANG_WARN_INT_CONVERSION = YES;
				CLANG_WARN_NON_LITERAL_NULL_CONVERSION = YES;
				CLANG_WARN_OBJC_IMPLICIT_RETAIN_SELF = YES;
				CLANG_WARN_OBJC_LITERAL_CONVERSION = YES;
				CLANG_WARN_OBJC_ROOT_CLASS = YES_ERROR;
				CLANG_WARN_QUOTED_INCLUDE_IN_FRAMEWORK_HEADER = YES;
				CLANG_WARN_RANGE_LOOP_ANALYSIS = YES;
				CLANG_WARN_STRICT_PROTOTYPES = YES;
				CLANG_WARN_SUSPICIOUS_MOVE = YES;
				CLANG_WARN_UNGUARDED_AVAILABILITY = YES_AGGRESSIVE;
				CLANG_WARN_UNREACHABLE_CODE = YES;
				CLANG_WARN__DUPLICATE_METHOD_MATCH = YES;
				COPY_PHASE_STRIP = NO;
				DEBUG_INFORMATION_FORMAT = dwarf;
				ENABLE_STRICT_OBJC_MSGSEND = YES;
				ENABLE_TESTABILITY = YES;
				ENABLE_USER_SCRIPT_SANDBOXING = YES;
				GCC_C_LANGUAGE_STANDARD = gnu17;
				GCC_DYNAMIC_NO_PIC = NO;
				GCC_NO_COMMON_BLOCKS = YES;
				GCC_OPTIMIZATION_LEVEL = 0;
				GCC_PREPROCESSOR_DEFINITIONS = (
					"DEBUG=1",
					"$(inherited)",
				);
				GCC_WARN_64_TO_32_BIT_CONVERSION = YES;
				GCC_WARN_ABOUT_RETURN_TYPE = YES_ERROR;
				GCC_WARN_UNDECLARED_SELECTOR = YES;
				GCC_WARN_UNINITIALIZED_AUTOS = YES_AGGRESSIVE;
				GCC_WARN_UNUSED_FUNCTION = YES;
				GCC_WARN_UNUSED_VARIABLE = YES;
				IPHONEOS_DEPLOYMENT_TARGET = 13.0;
				LOCALIZATION_PREFERS_STRING_CATALOGS = YES;
				MTL_ENABLE_DEBUG_INFO = INCLUDE_SOURCE;
				MTL_FAST_MATH = YES;
				ONLY_ACTIVE_ARCH = YES;
				SDKROOT = iphoneos;
				SWIFT_ACTIVE_COMPILATION_CONDITIONS = "DEBUG $(inherited)";
				SWIFT_OPTIMIZATION_LEVEL = "-Onone";
			};
			name = Debug;
		};
		847B2F942C0F30D200E2018B /* Release */ = {
			isa = XCBuildConfiguration;
			buildSettings = {
				ALWAYS_SEARCH_USER_PATHS = NO;
				ASSETCATALOG_COMPILER_GENERATE_SWIFT_ASSET_SYMBOL_EXTENSIONS = YES;
				CLANG_ANALYZER_LOCALIZABILITY_NONLOCALIZED = YES;
				CLANG_ANALYZER_NONNULL = YES;
				CLANG_ANALYZER_NUMBER_OBJECT_CONVERSION = YES_AGGRESSIVE;
				CLANG_CXX_LANGUAGE_STANDARD = "gnu++20";
				CLANG_ENABLE_MODULES = YES;
				CLANG_ENABLE_OBJC_ARC = YES;
				CLANG_ENABLE_OBJC_WEAK = YES;
				CLANG_WARN_BLOCK_CAPTURE_AUTORELEASING = YES;
				CLANG_WARN_BOOL_CONVERSION = YES;
				CLANG_WARN_COMMA = YES;
				CLANG_WARN_CONSTANT_CONVERSION = YES;
				CLANG_WARN_DEPRECATED_OBJC_IMPLEMENTATIONS = YES;
				CLANG_WARN_DIRECT_OBJC_ISA_USAGE = YES_ERROR;
				CLANG_WARN_DOCUMENTATION_COMMENTS = YES;
				CLANG_WARN_EMPTY_BODY = YES;
				CLANG_WARN_ENUM_CONVERSION = YES;
				CLANG_WARN_INFINITE_RECURSION = YES;
				CLANG_WARN_INT_CONVERSION = YES;
				CLANG_WARN_NON_LITERAL_NULL_CONVERSION = YES;
				CLANG_WARN_OBJC_IMPLICIT_RETAIN_SELF = YES;
				CLANG_WARN_OBJC_LITERAL_CONVERSION = YES;
				CLANG_WARN_OBJC_ROOT_CLASS = YES_ERROR;
				CLANG_WARN_QUOTED_INCLUDE_IN_FRAMEWORK_HEADER = YES;
				CLANG_WARN_RANGE_LOOP_ANALYSIS = YES;
				CLANG_WARN_STRICT_PROTOTYPES = YES;
				CLANG_WARN_SUSPICIOUS_MOVE = YES;
				CLANG_WARN_UNGUARDED_AVAILABILITY = YES_AGGRESSIVE;
				CLANG_WARN_UNREACHABLE_CODE = YES;
				CLANG_WARN__DUPLICATE_METHOD_MATCH = YES;
				COPY_PHASE_STRIP = NO;
				DEBUG_INFORMATION_FORMAT = "dwarf-with-dsym";
				ENABLE_NS_ASSERTIONS = NO;
				ENABLE_STRICT_OBJC_MSGSEND = YES;
				ENABLE_USER_SCRIPT_SANDBOXING = YES;
				GCC_C_LANGUAGE_STANDARD = gnu17;
				GCC_NO_COMMON_BLOCKS = YES;
				GCC_WARN_64_TO_32_BIT_CONVERSION = YES;
				GCC_WARN_ABOUT_RETURN_TYPE = YES_ERROR;
				GCC_WARN_UNDECLARED_SELECTOR = YES;
				GCC_WARN_UNINITIALIZED_AUTOS = YES_AGGRESSIVE;
				GCC_WARN_UNUSED_FUNCTION = YES;
				GCC_WARN_UNUSED_VARIABLE = YES;
				IPHONEOS_DEPLOYMENT_TARGET = 13.0;
				LOCALIZATION_PREFERS_STRING_CATALOGS = YES;
				MTL_ENABLE_DEBUG_INFO = NO;
				MTL_FAST_MATH = YES;
				SDKROOT = iphoneos;
				SWIFT_COMPILATION_MODE = wholemodule;
				VALIDATE_PRODUCT = YES;
			};
			name = Release;
		};
		847B2F962C0F30D200E2018B /* Debug */ = {
			isa = XCBuildConfiguration;
			baseConfigurationReference = F88540D0323973E470BB5AEE /* Pods-Stripe.debug.xcconfig */;
			buildSettings = {
				ASSETCATALOG_COMPILER_APPICON_NAME = AppIcon;
				ASSETCATALOG_COMPILER_GLOBAL_ACCENT_COLOR_NAME = AccentColor;
				CODE_SIGN_ENTITLEMENTS = Stripe/Stripe.entitlements;
				CODE_SIGN_STYLE = Automatic;
				CURRENT_PROJECT_VERSION = 1;
				DEVELOPMENT_TEAM = EXK75AP76J;
				ENABLE_USER_SCRIPT_SANDBOXING = NO;
				GENERATE_INFOPLIST_FILE = YES;
				INFOPLIST_FILE = Stripe/Info.plist;
				INFOPLIST_KEY_UIApplicationSupportsIndirectInputEvents = YES;
				INFOPLIST_KEY_UILaunchStoryboardName = LaunchScreen;
				INFOPLIST_KEY_UIMainStoryboardFile = Main;
				INFOPLIST_KEY_UISupportedInterfaceOrientations_iPad = "UIInterfaceOrientationPortrait UIInterfaceOrientationPortraitUpsideDown UIInterfaceOrientationLandscapeLeft UIInterfaceOrientationLandscapeRight";
				INFOPLIST_KEY_UISupportedInterfaceOrientations_iPhone = "UIInterfaceOrientationPortrait UIInterfaceOrientationLandscapeLeft UIInterfaceOrientationLandscapeRight";
				IPHONEOS_DEPLOYMENT_TARGET = 13.0;
				LD_RUNPATH_SEARCH_PATHS = (
					"$(inherited)",
					"@executable_path/Frameworks",
				);
				MARKETING_VERSION = 1.0;
				PRODUCT_BUNDLE_IDENTIFIER = com.WristBand.tjd;
				PRODUCT_NAME = "$(TARGET_NAME)";
				SWIFT_EMIT_LOC_STRINGS = YES;
				SWIFT_VERSION = 5.0;
				TARGETED_DEVICE_FAMILY = "1,2";
			};
			name = Debug;
		};
		847B2F972C0F30D200E2018B /* Release */ = {
			isa = XCBuildConfiguration;
			baseConfigurationReference = AD2C04425AC45F6FB241611F /* Pods-Stripe.release.xcconfig */;
			buildSettings = {
				ASSETCATALOG_COMPILER_APPICON_NAME = AppIcon;
				ASSETCATALOG_COMPILER_GLOBAL_ACCENT_COLOR_NAME = AccentColor;
				CODE_SIGN_ENTITLEMENTS = Stripe/Stripe.entitlements;
				CODE_SIGN_STYLE = Automatic;
				CURRENT_PROJECT_VERSION = 1;
				DEVELOPMENT_TEAM = EXK75AP76J;
				ENABLE_USER_SCRIPT_SANDBOXING = NO;
				GENERATE_INFOPLIST_FILE = YES;
				INFOPLIST_FILE = Stripe/Info.plist;
				INFOPLIST_KEY_UIApplicationSupportsIndirectInputEvents = YES;
				INFOPLIST_KEY_UILaunchStoryboardName = LaunchScreen;
				INFOPLIST_KEY_UIMainStoryboardFile = Main;
				INFOPLIST_KEY_UISupportedInterfaceOrientations_iPad = "UIInterfaceOrientationPortrait UIInterfaceOrientationPortraitUpsideDown UIInterfaceOrientationLandscapeLeft UIInterfaceOrientationLandscapeRight";
				INFOPLIST_KEY_UISupportedInterfaceOrientations_iPhone = "UIInterfaceOrientationPortrait UIInterfaceOrientationLandscapeLeft UIInterfaceOrientationLandscapeRight";
				IPHONEOS_DEPLOYMENT_TARGET = 13.0;
				LD_RUNPATH_SEARCH_PATHS = (
					"$(inherited)",
					"@executable_path/Frameworks",
				);
				MARKETING_VERSION = 1.0;
				PRODUCT_BUNDLE_IDENTIFIER = com.WristBand.tjd;
				PRODUCT_NAME = "$(TARGET_NAME)";
				SWIFT_EMIT_LOC_STRINGS = YES;
				SWIFT_VERSION = 5.0;
				TARGETED_DEVICE_FAMILY = "1,2";
			};
			name = Release;
		};
/* End XCBuildConfiguration section */

/* Begin XCConfigurationList section */
		847B2F7C2C0F30CF00E2018B /* Build configuration list for PBXProject "Stripe" */ = {
			isa = XCConfigurationList;
			buildConfigurations = (
				847B2F932C0F30D200E2018B /* Debug */,
				847B2F942C0F30D200E2018B /* Release */,
			);
			defaultConfigurationIsVisible = 0;
			defaultConfigurationName = Release;
		};
		847B2F952C0F30D200E2018B /* Build configuration list for PBXNativeTarget "Stripe" */ = {
			isa = XCConfigurationList;
			buildConfigurations = (
				847B2F962C0F30D200E2018B /* Debug */,
				847B2F972C0F30D200E2018B /* Release */,
			);
			defaultConfigurationIsVisible = 0;
			defaultConfigurationName = Release;
		};
/* End XCConfigurationList section */
	};
	rootObject = 847B2F792C0F30CF00E2018B /* Project object */;
}
